
Microsoft Visual Studio Solution File, Format Version 12.00
# Visual Studio Version 17
VisualStudioVersion = 17.11.35303.130
MinimumVisualStudioVersion = 10.0.40219.1
Project("{9A19103F-16F7-4668-BE54-9A1E7A4F7556}") = "WebApi", "WebApi\WebApi.csproj", "{7821F330-B0A3-47FA-B2D1-F7D3AA871379}"
EndProject
Project("{FAE04EC0-301F-11D3-BF4B-00C04F79EFBC}") = "BussinessLogic", "BussinessLogic\BussinessLogic.csproj", "{A5BCA550-B031-44B4-B827-2CC38D6A1E39}"
EndProject
Project("{FAE04EC0-301F-11D3-BF4B-00C04F79EFBC}") = "Core", "Core\Core.csproj", "{192E6A97-19E6-4C10-94F2-B46B63814BC6}"
EndProject
Project("{FAE04EC0-301F-11D3-BF4B-00C04F79EFBC}") = "Data", "Data\Data.csproj", "{DD934CC1-AE56-4B98-9977-113325E2F05F}"
EndProject
Global
	GlobalSection(SolutionConfigurationPlatforms) = preSolution
		Debug|Any CPU = Debug|Any CPU
		Release|Any CPU = Release|Any CPU
	EndGlobalSection
	GlobalSection(ProjectConfigurationPlatforms) = postSolution
		{7821F330-B0A3-47FA-B2D1-F7D3AA871379}.Debug|Any CPU.ActiveCfg = Debug|Any CPU
		{7821F330-B0A3-47FA-B2D1-F7D3AA871379}.Debug|Any CPU.Build.0 = Debug|Any CPU
		{7821F330-B0A3-47FA-B2D1-F7D3AA871379}.Release|Any CPU.ActiveCfg = Release|Any CPU
		{7821F330-B0A3-47FA-B2D1-F7D3AA871379}.Release|Any CPU.Build.0 = Release|Any CPU
		{A5BCA550-B031-44B4-B827-2CC38D6A1E39}.Debug|Any CPU.ActiveCfg = Debug|Any CPU
		{A5BCA550-B031-44B4-B827-2CC38D6A1E39}.Debug|Any CPU.Build.0 = Debug|Any CPU
		{A5BCA550-B031-44B4-B827-2CC38D6A1E39}.Release|Any CPU.ActiveCfg = Release|Any CPU
		{A5BCA550-B031-44B4-B827-2CC38D6A1E39}.Release|Any CPU.Build.0 = Release|Any CPU
		{192E6A97-19E6-4C10-94F2-B46B63814BC6}.Debug|Any CPU.ActiveCfg = Debug|Any CPU
		{192E6A97-19E6-4C10-94F2-B46B63814BC6}.Debug|Any CPU.Build.0 = Debug|Any CPU
		{192E6A97-19E6-4C10-94F2-B46B63814BC6}.Release|Any CPU.ActiveCfg = Release|Any CPU
		{192E6A97-19E6-4C10-94F2-B46B63814BC6}.Release|Any CPU.Build.0 = Release|Any CPU
		{DD934CC1-AE56-4B98-9977-113325E2F05F}.Debug|Any CPU.ActiveCfg = Debug|Any CPU
		{DD934CC1-AE56-4B98-9977-113325E2F05F}.Debug|Any CPU.Build.0 = Debug|Any CPU
		{DD934CC1-AE56-4B98-9977-113325E2F05F}.Release|Any CPU.ActiveCfg = Release|Any CPU
		{DD934CC1-AE56-4B98-9977-113325E2F05F}.Release|Any CPU.Build.0 = Release|Any CPU
	EndGlobalSection
	GlobalSection(SolutionProperties) = preSolution
		HideSolutionNode = FALSE
	EndGlobalSection
	GlobalSection(ExtensibilityGlobals) = postSolution
		SolutionGuid = {6CB4AF28-C5E1-4BCA-9549-27E76587A859}
	EndGlobalSection
EndGlobal
